
Microsoft Visual Studio Solution File, Format Version 12.00
# Visual Studio 15
VisualStudioVersion = 15.0.27130.2036
MinimumVisualStudioVersion = 10.0.40219.1
Project("{FAE04EC0-301F-11D3-BF4B-00C04F79EFBC}") = "CellularEvolutionSimulation", "CellularEvolutionSimulation.csproj", "{BA7652AA-07FD-4631-BE1A-41623EBACFBC}"
EndProject
Global
	GlobalSection(SolutionConfigurationPlatforms) = preSolution
		Debug|x86 = Debug|x86
		Release|x86 = Release|x86
	EndGlobalSection
	GlobalSection(ProjectConfigurationPlatforms) = postSolution
		{BA7652AA-07FD-4631-BE1A-41623EBACFBC}.Debug|x86.ActiveCfg = Debug|x86
		{BA7652AA-07FD-4631-BE1A-41623EBACFBC}.Debug|x86.Build.0 = Debug|x86
		{BA7652AA-07FD-4631-BE1A-41623EBACFBC}.Release|x86.ActiveCfg = Release|x86
		{BA7652AA-07FD-4631-BE1A-41623EBACFBC}.Release|x86.Build.0 = Release|x86
	EndGlobalSection
	GlobalSection(SolutionProperties) = preSolution
		HideSolutionNode = FALSE
	EndGlobalSection
	GlobalSection(ExtensibilityGlobals) = postSolution
		SolutionGuid = {13C10C43-437D-48FD-8470-AB803BDCEFB1}
	EndGlobalSection
EndGlobal
